
Microsoft Visual Studio Solution File, Format Version 12.00
Project("{FAE04EC0-301F-11D3-BF4B-00C04F79EFBC}") = "CityExplorerClient", "CityExplorer\CityExplorerClient.csproj", "{15851D63-AC52-4A77-8EB6-2CB65434E559}"
EndProject
Project("{FAE04EC0-301F-11D3-BF4B-00C04F79EFBC}") = "CityExplorerServer", "CityExplorerServer\CityExplorerServer.csproj", "{1D6CE360-FA6A-4074-8170-4F1D702A127A}"
EndProject
Global
	GlobalSection(SolutionConfigurationPlatforms) = preSolution
		Debug|Any CPU = Debug|Any CPU
		Release|Any CPU = Release|Any CPU
	EndGlobalSection
	GlobalSection(ProjectConfigurationPlatforms) = postSolution
		{15851D63-AC52-4A77-8EB6-2CB65434E559}.Debug|Any CPU.ActiveCfg = Debug|Any CPU
		{15851D63-AC52-4A77-8EB6-2CB65434E559}.Debug|Any CPU.Build.0 = Debug|Any CPU
		{15851D63-AC52-4A77-8EB6-2CB65434E559}.Release|Any CPU.ActiveCfg = Release|Any CPU
		{15851D63-AC52-4A77-8EB6-2CB65434E559}.Release|Any CPU.Build.0 = Release|Any CPU
		{1D6CE360-FA6A-4074-8170-4F1D702A127A}.Debug|Any CPU.ActiveCfg = Debug|Any CPU
		{1D6CE360-FA6A-4074-8170-4F1D702A127A}.Debug|Any CPU.Build.0 = Debug|Any CPU
		{1D6CE360-FA6A-4074-8170-4F1D702A127A}.Release|Any CPU.ActiveCfg = Release|Any CPU
		{1D6CE360-FA6A-4074-8170-4F1D702A127A}.Release|Any CPU.Build.0 = Release|Any CPU
	EndGlobalSection
EndGlobal
